
Microsoft Visual Studio Solution File, Format Version 12.00
# Visual Studio Version 16
VisualStudioVersion = 16.0.30413.136
MinimumVisualStudioVersion = 10.0.40219.1
Project("{FAE04EC0-301F-11D3-BF4B-00C04F79EFBC}") = "CodeVita", "CodeVita\CodeVita.csproj", "{346690B0-9AD1-4D28-9C26-BC3C50DAEF91}"
EndProject
Project("{FAE04EC0-301F-11D3-BF4B-00C04F79EFBC}") = "NewNameSpace", "NewNameSpace\NewNameSpace.csproj", "{9C0AF80E-E6F3-40B2-9474-9D50C6EFD9AF}"
EndProject
Project("{FAE04EC0-301F-11D3-BF4B-00C04F79EFBC}") = "MultipleInheritance", "MultipleInheritance\MultipleInheritance.csproj", "{CCDE0227-6BC4-45F6-8D13-5C6241F52087}"
EndProject
Global
	GlobalSection(SolutionConfigurationPlatforms) = preSolution
		Debug|Any CPU = Debug|Any CPU
		Release|Any CPU = Release|Any CPU
	EndGlobalSection
	GlobalSection(ProjectConfigurationPlatforms) = postSolution
		{346690B0-9AD1-4D28-9C26-BC3C50DAEF91}.Debug|Any CPU.ActiveCfg = Debug|Any CPU
		{346690B0-9AD1-4D28-9C26-BC3C50DAEF91}.Debug|Any CPU.Build.0 = Debug|Any CPU
		{346690B0-9AD1-4D28-9C26-BC3C50DAEF91}.Release|Any CPU.ActiveCfg = Release|Any CPU
		{346690B0-9AD1-4D28-9C26-BC3C50DAEF91}.Release|Any CPU.Build.0 = Release|Any CPU
		{9C0AF80E-E6F3-40B2-9474-9D50C6EFD9AF}.Debug|Any CPU.ActiveCfg = Debug|Any CPU
		{9C0AF80E-E6F3-40B2-9474-9D50C6EFD9AF}.Debug|Any CPU.Build.0 = Debug|Any CPU
		{9C0AF80E-E6F3-40B2-9474-9D50C6EFD9AF}.Release|Any CPU.ActiveCfg = Release|Any CPU
		{9C0AF80E-E6F3-40B2-9474-9D50C6EFD9AF}.Release|Any CPU.Build.0 = Release|Any CPU
		{CCDE0227-6BC4-45F6-8D13-5C6241F52087}.Debug|Any CPU.ActiveCfg = Debug|Any CPU
		{CCDE0227-6BC4-45F6-8D13-5C6241F52087}.Debug|Any CPU.Build.0 = Debug|Any CPU
		{CCDE0227-6BC4-45F6-8D13-5C6241F52087}.Release|Any CPU.ActiveCfg = Release|Any CPU
		{CCDE0227-6BC4-45F6-8D13-5C6241F52087}.Release|Any CPU.Build.0 = Release|Any CPU
	EndGlobalSection
	GlobalSection(SolutionProperties) = preSolution
		HideSolutionNode = FALSE
	EndGlobalSection
	GlobalSection(ExtensibilityGlobals) = postSolution
		SolutionGuid = {B41A33F7-09E7-4E98-87F8-513996FA2721}
	EndGlobalSection
EndGlobal
