
Microsoft Visual Studio Solution File, Format Version 12.00
# Visual Studio Version 16
VisualStudioVersion = 16.0.30413.136
MinimumVisualStudioVersion = 10.0.40219.1
Project("{FAE04EC0-301F-11D3-BF4B-00C04F79EFBC}") = "MethodsDemo", "MethodsDemo\MethodsDemo.csproj", "{B8F43887-68FE-4C25-A419-B0CD721A3CDA}"
EndProject
Project("{FAE04EC0-301F-11D3-BF4B-00C04F79EFBC}") = "MethodOverriding", "MethodOverriding\MethodOverriding.csproj", "{31B55D6E-F5EB-454E-8BB3-902AFF62A9A8}"
EndProject
Project("{FAE04EC0-301F-11D3-BF4B-00C04F79EFBC}") = "AbstarctClassDemo", "AbstarctClassDemo\AbstarctClassDemo.csproj", "{821B67AA-6A8A-46EA-9A10-42370ACD8E00}"
EndProject
Global
	GlobalSection(SolutionConfigurationPlatforms) = preSolution
		Debug|Any CPU = Debug|Any CPU
		Release|Any CPU = Release|Any CPU
	EndGlobalSection
	GlobalSection(ProjectConfigurationPlatforms) = postSolution
		{B8F43887-68FE-4C25-A419-B0CD721A3CDA}.Debug|Any CPU.ActiveCfg = Debug|Any CPU
		{B8F43887-68FE-4C25-A419-B0CD721A3CDA}.Debug|Any CPU.Build.0 = Debug|Any CPU
		{B8F43887-68FE-4C25-A419-B0CD721A3CDA}.Release|Any CPU.ActiveCfg = Release|Any CPU
		{B8F43887-68FE-4C25-A419-B0CD721A3CDA}.Release|Any CPU.Build.0 = Release|Any CPU
		{31B55D6E-F5EB-454E-8BB3-902AFF62A9A8}.Debug|Any CPU.ActiveCfg = Debug|Any CPU
		{31B55D6E-F5EB-454E-8BB3-902AFF62A9A8}.Debug|Any CPU.Build.0 = Debug|Any CPU
		{31B55D6E-F5EB-454E-8BB3-902AFF62A9A8}.Release|Any CPU.ActiveCfg = Release|Any CPU
		{31B55D6E-F5EB-454E-8BB3-902AFF62A9A8}.Release|Any CPU.Build.0 = Release|Any CPU
		{821B67AA-6A8A-46EA-9A10-42370ACD8E00}.Debug|Any CPU.ActiveCfg = Debug|Any CPU
		{821B67AA-6A8A-46EA-9A10-42370ACD8E00}.Debug|Any CPU.Build.0 = Debug|Any CPU
		{821B67AA-6A8A-46EA-9A10-42370ACD8E00}.Release|Any CPU.ActiveCfg = Release|Any CPU
		{821B67AA-6A8A-46EA-9A10-42370ACD8E00}.Release|Any CPU.Build.0 = Release|Any CPU
	EndGlobalSection
	GlobalSection(SolutionProperties) = preSolution
		HideSolutionNode = FALSE
	EndGlobalSection
	GlobalSection(ExtensibilityGlobals) = postSolution
		SolutionGuid = {220B1EE3-DA64-4283-87F1-322E158B31B8}
	EndGlobalSection
EndGlobal
