
Microsoft Visual Studio Solution File, Format Version 12.00
# Visual Studio Version 16
VisualStudioVersion = 16.0.30413.136
MinimumVisualStudioVersion = 10.0.40219.1
Project("{FAE04EC0-301F-11D3-BF4B-00C04F79EFBC}") = "IndexerExamples", "IndexerExamples\IndexerExamples.csproj", "{3927228A-FA9F-4755-9111-A49BC561CE50}"
EndProject
Global
	GlobalSection(SolutionConfigurationPlatforms) = preSolution
		Debug|Any CPU = Debug|Any CPU
		Release|Any CPU = Release|Any CPU
	EndGlobalSection
	GlobalSection(ProjectConfigurationPlatforms) = postSolution
		{3927228A-FA9F-4755-9111-A49BC561CE50}.Debug|Any CPU.ActiveCfg = Debug|Any CPU
		{3927228A-FA9F-4755-9111-A49BC561CE50}.Debug|Any CPU.Build.0 = Debug|Any CPU
		{3927228A-FA9F-4755-9111-A49BC561CE50}.Release|Any CPU.ActiveCfg = Release|Any CPU
		{3927228A-FA9F-4755-9111-A49BC561CE50}.Release|Any CPU.Build.0 = Release|Any CPU
	EndGlobalSection
	GlobalSection(SolutionProperties) = preSolution
		HideSolutionNode = FALSE
	EndGlobalSection
	GlobalSection(ExtensibilityGlobals) = postSolution
		SolutionGuid = {2C7D4D8E-1409-4E70-8C8D-9F2BF9BE68A1}
	EndGlobalSection
EndGlobal
